{
	"name": "vscode-typeless",
	"version": "0.0.1",
	"lockfileVersion": 2,
	"requires": true,
	"packages": {
		"": {
			"name": "vscode-typeless",
			"version": "0.0.1",
			"license": "MIT",
			"dependencies": {
				"expand-home-dir": "^0.0.3",
				"find-java-home": "1.0.0",
				"path-exists": "^3.0.0",
				"vscode-extension-telemetry": "0.1.2",
				"vscode-languageclient": "^5.2.1",
				"vscode-languageserver-protocol": "^3.14.1"
			},
			"devDependencies": {
				"@types/mocha": "^2.2.48",
				"@types/node": "^6.14.10",
				"@types/vscode": "1.53.0",
				"typescript": "^3.8.2"
			},
			"engines": {
				"vscode": "^1.30.x"
			}
		},
		"node_modules/@types/mocha": {
			"version": "2.2.48",
			"resolved": "https://registry.npmjs.org/@types/mocha/-/mocha-2.2.48.tgz",
			"integrity": "sha512-nlK/iyETgafGli8Zh9zJVCTicvU3iajSkRwOh3Hhiva598CMqNJ4NcVCGMTGKpGpTYj/9R8RLzS9NAykSSCqGw==",
			"dev": true
		},
		"node_modules/@types/node": {
			"version": "6.14.13",
			"resolved": "https://registry.npmjs.org/@types/node/-/node-6.14.13.tgz",
			"integrity": "sha512-J1F0XJ/9zxlZel5ZlbeSuHW2OpabrUAqpFuC2sm2I3by8sERQ8+KCjNKUcq8QHuzpGMWiJpo9ZxeHrqrP2KzQw==",
			"dev": true
		},
		"node_modules/@types/vscode": {
			"version": "1.53.0",
			"resolved": "https://registry.npmjs.org/@types/vscode/-/vscode-1.53.0.tgz",
			"integrity": "sha512-XjFWbSPOM0EKIT2XhhYm3D3cx3nn3lshMUcWNy1eqefk+oqRuBq8unVb6BYIZqXy9lQZyeUl7eaBCOZWv+LcXQ==",
			"dev": true
		},
		"node_modules/applicationinsights": {
			"version": "1.4.0",
			"resolved": "https://registry.npmjs.org/applicationinsights/-/applicationinsights-1.4.0.tgz",
			"integrity": "sha512-TV8MYb0Kw9uE2cdu4V/UvTKdOABkX2+Fga9iDz0zqV7FLrNXfmAugWZmmdTx4JoynYkln3d5CUHY3oVSUEbfFw==",
			"dependencies": {
				"cls-hooked": "^4.2.2",
				"continuation-local-storage": "^3.2.1",
				"diagnostic-channel": "0.2.0",
				"diagnostic-channel-publishers": "^0.3.2"
			}
		},
		"node_modules/async-hook-jl": {
			"version": "1.7.6",
			"resolved": "https://registry.npmjs.org/async-hook-jl/-/async-hook-jl-1.7.6.tgz",
			"integrity": "sha512-gFaHkFfSxTjvoxDMYqDuGHlcRyUuamF8s+ZTtJdDzqjws4mCt7v0vuV79/E2Wr2/riMQgtG4/yUtXWs1gZ7JMg==",
			"dependencies": {
				"stack-chain": "^1.3.7"
			},
			"engines": {
				"node": "^4.7 || >=6.9 || >=7.3"
			}
		},
		"node_modules/async-listener": {
			"version": "0.6.10",
			"resolved": "https://registry.npmjs.org/async-listener/-/async-listener-0.6.10.tgz",
			"integrity": "sha512-gpuo6xOyF4D5DE5WvyqZdPA3NGhiT6Qf07l7DCB0wwDEsLvDIbCr6j9S5aj5Ch96dLace5tXVzWBZkxU/c5ohw==",
			"dependencies": {
				"semver": "^5.3.0",
				"shimmer": "^1.1.0"
			},
			"engines": {
				"node": "<=0.11.8 || >0.11.10"
			}
		},
		"node_modules/cls-hooked": {
			"version": "4.2.2",
			"resolved": "https://registry.npmjs.org/cls-hooked/-/cls-hooked-4.2.2.tgz",
			"integrity": "sha512-J4Xj5f5wq/4jAvcdgoGsL3G103BtWpZrMo8NEinRltN+xpTZdI+M38pyQqhuFU/P792xkMFvnKSf+Lm81U1bxw==",
			"dependencies": {
				"async-hook-jl": "^1.7.6",
				"emitter-listener": "^1.0.1",
				"semver": "^5.4.1"
			},
			"engines": {
				"node": "^4.7 || >=6.9 || >=7.3 || >=8.2.1"
			}
		},
		"node_modules/continuation-local-storage": {
			"version": "3.2.1",
			"resolved": "https://registry.npmjs.org/continuation-local-storage/-/continuation-local-storage-3.2.1.tgz",
			"integrity": "sha512-jx44cconVqkCEEyLSKWwkvUXwO561jXMa3LPjTPsm5QR22PA0/mhe33FT4Xb5y74JDvt/Cq+5lm8S8rskLv9ZA==",
			"dependencies": {
				"async-listener": "^0.6.0",
				"emitter-listener": "^1.1.1"
			}
		},
		"node_modules/diagnostic-channel": {
			"version": "0.2.0",
			"resolved": "https://registry.npmjs.org/diagnostic-channel/-/diagnostic-channel-0.2.0.tgz",
			"integrity": "sha1-zJmvlhLCP7H/8TYSxy8sv6qNWhc=",
			"dependencies": {
				"semver": "^5.3.0"
			}
		},
		"node_modules/diagnostic-channel-publishers": {
			"version": "0.3.5",
			"resolved": "https://registry.npmjs.org/diagnostic-channel-publishers/-/diagnostic-channel-publishers-0.3.5.tgz",
			"integrity": "sha512-AOIjw4T7Nxl0G2BoBPhkQ6i7T4bUd9+xvdYizwvG7vVAM1dvr+SDrcUudlmzwH0kbEwdR2V1EcnKT0wAeYLQNQ==",
			"peerDependencies": {
				"diagnostic-channel": "*"
			}
		},
		"node_modules/emitter-listener": {
			"version": "1.1.2",
			"resolved": "https://registry.npmjs.org/emitter-listener/-/emitter-listener-1.1.2.tgz",
			"integrity": "sha512-Bt1sBAGFHY9DKY+4/2cV6izcKJUf5T7/gkdmkxzX/qv9CcGH8xSwVRW5mtX03SWJtRTWSOpzCuWN9rBFYZepZQ==",
			"dependencies": {
				"shimmer": "^1.2.0"
			}
		},
		"node_modules/expand-home-dir": {
			"version": "0.0.3",
			"resolved": "https://registry.npmjs.org/expand-home-dir/-/expand-home-dir-0.0.3.tgz",
			"integrity": "sha1-ct6KBIbMKKO71wRjU5iCW1tign0="
		},
		"node_modules/find-java-home": {
			"version": "1.0.0",
			"resolved": "https://registry.npmjs.org/find-java-home/-/find-java-home-1.0.0.tgz",
			"integrity": "sha512-eqC9OCUT3stF1zfDJ/g0Uz9XFPi5X+2ZAv84Y+itA2x5scCe6GCF585re8YjjoJeIOipjNMRMM7s2E3ige+6+w==",
			"dependencies": {
				"which": "~1.0.5",
				"winreg": "~1.2.2"
			}
		},
		"node_modules/path-exists": {
			"version": "3.0.0",
			"resolved": "https://registry.npmjs.org/path-exists/-/path-exists-3.0.0.tgz",
			"integrity": "sha1-zg6+ql94yxiSXqfYENe1mwEP1RU=",
			"engines": {
				"node": ">=4"
			}
		},
		"node_modules/semver": {
			"version": "5.7.1",
			"resolved": "https://registry.npmjs.org/semver/-/semver-5.7.1.tgz",
			"integrity": "sha512-sauaDf/PZdVgrLTNYHRtpXa1iRiKcaebiKQ1BJdpQlWH2lCvexQdX55snPFyK7QzpudqbCI0qXFfOasHdyNDGQ==",
			"bin": {
				"semver": "bin/semver"
			}
		},
		"node_modules/shimmer": {
			"version": "1.2.1",
			"resolved": "https://registry.npmjs.org/shimmer/-/shimmer-1.2.1.tgz",
			"integrity": "sha512-sQTKC1Re/rM6XyFM6fIAGHRPVGvyXfgzIDvzoq608vM+jeyVD0Tu1E6Np0Kc2zAIFWIj963V2800iF/9LPieQw=="
		},
		"node_modules/stack-chain": {
			"version": "1.3.7",
			"resolved": "https://registry.npmjs.org/stack-chain/-/stack-chain-1.3.7.tgz",
			"integrity": "sha1-0ZLJ/06moiyUxN1FkXHj8AzqEoU="
		},
		"node_modules/typescript": {
			"version": "3.9.9",
			"resolved": "https://registry.npmjs.org/typescript/-/typescript-3.9.9.tgz",
			"integrity": "sha512-kdMjTiekY+z/ubJCATUPlRDl39vXYiMV9iyeMuEuXZh2we6zz80uovNN2WlAxmmdE/Z/YQe+EbOEXB5RHEED3w==",
			"dev": true,
			"bin": {
				"tsc": "bin/tsc",
				"tsserver": "bin/tsserver"
			},
			"engines": {
				"node": ">=4.2.0"
			}
		},
		"node_modules/vscode-extension-telemetry": {
			"version": "0.1.2",
			"resolved": "https://registry.npmjs.org/vscode-extension-telemetry/-/vscode-extension-telemetry-0.1.2.tgz",
			"integrity": "sha512-FSbaZKlIH3VKvBJsKw7v5bESWHXzltji2rtjaJeJglpQH4tfClzwHMzlMXUZGiblV++djEzb1gW8mb5E+wxFsg==",
			"dependencies": {
				"applicationinsights": "1.4.0"
			},
			"engines": {
				"vscode": "^1.5.0"
			}
		},
		"node_modules/vscode-jsonrpc": {
			"version": "6.0.0",
			"resolved": "https://registry.npmjs.org/vscode-jsonrpc/-/vscode-jsonrpc-6.0.0.tgz",
			"integrity": "sha512-wnJA4BnEjOSyFMvjZdpiOwhSq9uDoK8e/kpRJDTaMYzwlkrhG1fwDIZI94CLsLzlCK5cIbMMtFlJlfR57Lavmg==",
			"engines": {
				"node": ">=8.0.0 || >=10.0.0"
			}
		},
		"node_modules/vscode-languageclient": {
			"version": "5.2.1",
			"resolved": "https://registry.npmjs.org/vscode-languageclient/-/vscode-languageclient-5.2.1.tgz",
			"integrity": "sha512-7jrS/9WnV0ruqPamN1nE7qCxn0phkH5LjSgSp9h6qoJGoeAKzwKz/PF6M+iGA/aklx4GLZg1prddhEPQtuXI1Q==",
			"dependencies": {
				"semver": "^5.5.0",
				"vscode-languageserver-protocol": "3.14.1"
			},
			"engines": {
				"vscode": "^1.30"
			}
		},
		"node_modules/vscode-languageclient/node_modules/vscode-jsonrpc": {
			"version": "4.0.0",
			"resolved": "https://registry.npmjs.org/vscode-jsonrpc/-/vscode-jsonrpc-4.0.0.tgz",
			"integrity": "sha512-perEnXQdQOJMTDFNv+UF3h1Y0z4iSiaN9jIlb0OqIYgosPCZGYh/MCUlkFtV2668PL69lRDO32hmvL2yiidUYg==",
			"engines": {
				"node": ">=8.0.0 || >=10.0.0"
			}
		},
		"node_modules/vscode-languageclient/node_modules/vscode-languageserver-protocol": {
			"version": "3.14.1",
			"resolved": "https://registry.npmjs.org/vscode-languageserver-protocol/-/vscode-languageserver-protocol-3.14.1.tgz",
			"integrity": "sha512-IL66BLb2g20uIKog5Y2dQ0IiigW0XKrvmWiOvc0yXw80z3tMEzEnHjaGAb3ENuU7MnQqgnYJ1Cl2l9RvNgDi4g==",
			"dependencies": {
				"vscode-jsonrpc": "^4.0.0",
				"vscode-languageserver-types": "3.14.0"
			}
		},
		"node_modules/vscode-languageclient/node_modules/vscode-languageserver-types": {
			"version": "3.14.0",
			"resolved": "https://registry.npmjs.org/vscode-languageserver-types/-/vscode-languageserver-types-3.14.0.tgz",
			"integrity": "sha512-lTmS6AlAlMHOvPQemVwo3CezxBp0sNB95KNPkqp3Nxd5VFEnuG1ByM0zlRWos0zjO3ZWtkvhal0COgiV1xIA4A=="
		},
		"node_modules/vscode-languageserver-protocol": {
			"version": "3.16.0",
			"resolved": "https://registry.npmjs.org/vscode-languageserver-protocol/-/vscode-languageserver-protocol-3.16.0.tgz",
			"integrity": "sha512-sdeUoAawceQdgIfTI+sdcwkiK2KU+2cbEYA0agzM2uqaUy2UpnnGHtWTHVEtS0ES4zHU0eMFRGN+oQgDxlD66A==",
			"dependencies": {
				"vscode-jsonrpc": "6.0.0",
				"vscode-languageserver-types": "3.16.0"
			}
		},
		"node_modules/vscode-languageserver-types": {
			"version": "3.16.0",
			"resolved": "https://registry.npmjs.org/vscode-languageserver-types/-/vscode-languageserver-types-3.16.0.tgz",
			"integrity": "sha512-k8luDIWJWyenLc5ToFQQMaSrqCHiLwyKPHKPQZ5zz21vM+vIVUSvsRpcbiECH4WR88K2XZqc4ScRcZ7nk/jbeA=="
		},
		"node_modules/which": {
			"version": "1.0.9",
			"resolved": "https://registry.npmjs.org/which/-/which-1.0.9.tgz",
			"integrity": "sha1-RgwdoPgQED0DIam2M6+eV15kSG8=",
			"bin": {
				"which": "bin/which"
			}
		},
		"node_modules/winreg": {
			"version": "1.2.4",
			"resolved": "https://registry.npmjs.org/winreg/-/winreg-1.2.4.tgz",
			"integrity": "sha1-ugZWKbepJRMOFXeRCM9UCZDpjRs="
		}
	},
	"dependencies": {
		"@types/mocha": {
			"version": "2.2.48",
			"resolved": "https://registry.npmjs.org/@types/mocha/-/mocha-2.2.48.tgz",
			"integrity": "sha512-nlK/iyETgafGli8Zh9zJVCTicvU3iajSkRwOh3Hhiva598CMqNJ4NcVCGMTGKpGpTYj/9R8RLzS9NAykSSCqGw==",
			"dev": true
		},
		"@types/node": {
			"version": "6.14.13",
			"resolved": "https://registry.npmjs.org/@types/node/-/node-6.14.13.tgz",
			"integrity": "sha512-J1F0XJ/9zxlZel5ZlbeSuHW2OpabrUAqpFuC2sm2I3by8sERQ8+KCjNKUcq8QHuzpGMWiJpo9ZxeHrqrP2KzQw==",
			"dev": true
		},
		"@types/vscode": {
			"version": "1.53.0",
			"resolved": "https://registry.npmjs.org/@types/vscode/-/vscode-1.53.0.tgz",
			"integrity": "sha512-XjFWbSPOM0EKIT2XhhYm3D3cx3nn3lshMUcWNy1eqefk+oqRuBq8unVb6BYIZqXy9lQZyeUl7eaBCOZWv+LcXQ==",
			"dev": true
		},
		"applicationinsights": {
			"version": "1.4.0",
			"resolved": "https://registry.npmjs.org/applicationinsights/-/applicationinsights-1.4.0.tgz",
			"integrity": "sha512-TV8MYb0Kw9uE2cdu4V/UvTKdOABkX2+Fga9iDz0zqV7FLrNXfmAugWZmmdTx4JoynYkln3d5CUHY3oVSUEbfFw==",
			"requires": {
				"cls-hooked": "^4.2.2",
				"continuation-local-storage": "^3.2.1",
				"diagnostic-channel": "0.2.0",
				"diagnostic-channel-publishers": "^0.3.2"
			}
		},
		"async-hook-jl": {
			"version": "1.7.6",
			"resolved": "https://registry.npmjs.org/async-hook-jl/-/async-hook-jl-1.7.6.tgz",
			"integrity": "sha512-gFaHkFfSxTjvoxDMYqDuGHlcRyUuamF8s+ZTtJdDzqjws4mCt7v0vuV79/E2Wr2/riMQgtG4/yUtXWs1gZ7JMg==",
			"requires": {
				"stack-chain": "^1.3.7"
			}
		},
		"async-listener": {
			"version": "0.6.10",
			"resolved": "https://registry.npmjs.org/async-listener/-/async-listener-0.6.10.tgz",
			"integrity": "sha512-gpuo6xOyF4D5DE5WvyqZdPA3NGhiT6Qf07l7DCB0wwDEsLvDIbCr6j9S5aj5Ch96dLace5tXVzWBZkxU/c5ohw==",
			"requires": {
				"semver": "^5.3.0",
				"shimmer": "^1.1.0"
			}
		},
		"cls-hooked": {
			"version": "4.2.2",
			"resolved": "https://registry.npmjs.org/cls-hooked/-/cls-hooked-4.2.2.tgz",
			"integrity": "sha512-J4Xj5f5wq/4jAvcdgoGsL3G103BtWpZrMo8NEinRltN+xpTZdI+M38pyQqhuFU/P792xkMFvnKSf+Lm81U1bxw==",
			"requires": {
				"async-hook-jl": "^1.7.6",
				"emitter-listener": "^1.0.1",
				"semver": "^5.4.1"
			}
		},
		"continuation-local-storage": {
			"version": "3.2.1",
			"resolved": "https://registry.npmjs.org/continuation-local-storage/-/continuation-local-storage-3.2.1.tgz",
			"integrity": "sha512-jx44cconVqkCEEyLSKWwkvUXwO561jXMa3LPjTPsm5QR22PA0/mhe33FT4Xb5y74JDvt/Cq+5lm8S8rskLv9ZA==",
			"requires": {
				"async-listener": "^0.6.0",
				"emitter-listener": "^1.1.1"
			}
		},
		"diagnostic-channel": {
			"version": "0.2.0",
			"resolved": "https://registry.npmjs.org/diagnostic-channel/-/diagnostic-channel-0.2.0.tgz",
			"integrity": "sha1-zJmvlhLCP7H/8TYSxy8sv6qNWhc=",
			"requires": {
				"semver": "^5.3.0"
			}
		},
		"diagnostic-channel-publishers": {
			"version": "0.3.5",
			"resolved": "https://registry.npmjs.org/diagnostic-channel-publishers/-/diagnostic-channel-publishers-0.3.5.tgz",
			"integrity": "sha512-AOIjw4T7Nxl0G2BoBPhkQ6i7T4bUd9+xvdYizwvG7vVAM1dvr+SDrcUudlmzwH0kbEwdR2V1EcnKT0wAeYLQNQ==",
			"requires": {}
		},
		"emitter-listener": {
			"version": "1.1.2",
			"resolved": "https://registry.npmjs.org/emitter-listener/-/emitter-listener-1.1.2.tgz",
			"integrity": "sha512-Bt1sBAGFHY9DKY+4/2cV6izcKJUf5T7/gkdmkxzX/qv9CcGH8xSwVRW5mtX03SWJtRTWSOpzCuWN9rBFYZepZQ==",
			"requires": {
				"shimmer": "^1.2.0"
			}
		},
		"expand-home-dir": {
			"version": "0.0.3",
			"resolved": "https://registry.npmjs.org/expand-home-dir/-/expand-home-dir-0.0.3.tgz",
			"integrity": "sha1-ct6KBIbMKKO71wRjU5iCW1tign0="
		},
		"find-java-home": {
			"version": "1.0.0",
			"resolved": "https://registry.npmjs.org/find-java-home/-/find-java-home-1.0.0.tgz",
			"integrity": "sha512-eqC9OCUT3stF1zfDJ/g0Uz9XFPi5X+2ZAv84Y+itA2x5scCe6GCF585re8YjjoJeIOipjNMRMM7s2E3ige+6+w==",
			"requires": {
				"which": "~1.0.5",
				"winreg": "~1.2.2"
			}
		},
		"path-exists": {
			"version": "3.0.0",
			"resolved": "https://registry.npmjs.org/path-exists/-/path-exists-3.0.0.tgz",
			"integrity": "sha1-zg6+ql94yxiSXqfYENe1mwEP1RU="
		},
		"semver": {
			"version": "5.7.1",
			"resolved": "https://registry.npmjs.org/semver/-/semver-5.7.1.tgz",
			"integrity": "sha512-sauaDf/PZdVgrLTNYHRtpXa1iRiKcaebiKQ1BJdpQlWH2lCvexQdX55snPFyK7QzpudqbCI0qXFfOasHdyNDGQ=="
		},
		"shimmer": {
			"version": "1.2.1",
			"resolved": "https://registry.npmjs.org/shimmer/-/shimmer-1.2.1.tgz",
			"integrity": "sha512-sQTKC1Re/rM6XyFM6fIAGHRPVGvyXfgzIDvzoq608vM+jeyVD0Tu1E6Np0Kc2zAIFWIj963V2800iF/9LPieQw=="
		},
		"stack-chain": {
			"version": "1.3.7",
			"resolved": "https://registry.npmjs.org/stack-chain/-/stack-chain-1.3.7.tgz",
			"integrity": "sha1-0ZLJ/06moiyUxN1FkXHj8AzqEoU="
		},
		"typescript": {
			"version": "3.9.9",
			"resolved": "https://registry.npmjs.org/typescript/-/typescript-3.9.9.tgz",
			"integrity": "sha512-kdMjTiekY+z/ubJCATUPlRDl39vXYiMV9iyeMuEuXZh2we6zz80uovNN2WlAxmmdE/Z/YQe+EbOEXB5RHEED3w==",
			"dev": true
		},
		"vscode-extension-telemetry": {
			"version": "0.1.2",
			"resolved": "https://registry.npmjs.org/vscode-extension-telemetry/-/vscode-extension-telemetry-0.1.2.tgz",
			"integrity": "sha512-FSbaZKlIH3VKvBJsKw7v5bESWHXzltji2rtjaJeJglpQH4tfClzwHMzlMXUZGiblV++djEzb1gW8mb5E+wxFsg==",
			"requires": {
				"applicationinsights": "1.4.0"
			}
		},
		"vscode-jsonrpc": {
			"version": "6.0.0",
			"resolved": "https://registry.npmjs.org/vscode-jsonrpc/-/vscode-jsonrpc-6.0.0.tgz",
			"integrity": "sha512-wnJA4BnEjOSyFMvjZdpiOwhSq9uDoK8e/kpRJDTaMYzwlkrhG1fwDIZI94CLsLzlCK5cIbMMtFlJlfR57Lavmg=="
		},
		"vscode-languageclient": {
			"version": "5.2.1",
			"resolved": "https://registry.npmjs.org/vscode-languageclient/-/vscode-languageclient-5.2.1.tgz",
			"integrity": "sha512-7jrS/9WnV0ruqPamN1nE7qCxn0phkH5LjSgSp9h6qoJGoeAKzwKz/PF6M+iGA/aklx4GLZg1prddhEPQtuXI1Q==",
			"requires": {
				"semver": "^5.5.0",
				"vscode-languageserver-protocol": "3.14.1"
			},
			"dependencies": {
				"vscode-jsonrpc": {
					"version": "4.0.0",
					"resolved": "https://registry.npmjs.org/vscode-jsonrpc/-/vscode-jsonrpc-4.0.0.tgz",
					"integrity": "sha512-perEnXQdQOJMTDFNv+UF3h1Y0z4iSiaN9jIlb0OqIYgosPCZGYh/MCUlkFtV2668PL69lRDO32hmvL2yiidUYg=="
				},
				"vscode-languageserver-protocol": {
					"version": "3.14.1",
					"resolved": "https://registry.npmjs.org/vscode-languageserver-protocol/-/vscode-languageserver-protocol-3.14.1.tgz",
					"integrity": "sha512-IL66BLb2g20uIKog5Y2dQ0IiigW0XKrvmWiOvc0yXw80z3tMEzEnHjaGAb3ENuU7MnQqgnYJ1Cl2l9RvNgDi4g==",
					"requires": {
						"vscode-jsonrpc": "^4.0.0",
						"vscode-languageserver-types": "3.14.0"
					}
				},
				"vscode-languageserver-types": {
					"version": "3.14.0",
					"resolved": "https://registry.npmjs.org/vscode-languageserver-types/-/vscode-languageserver-types-3.14.0.tgz",
					"integrity": "sha512-lTmS6AlAlMHOvPQemVwo3CezxBp0sNB95KNPkqp3Nxd5VFEnuG1ByM0zlRWos0zjO3ZWtkvhal0COgiV1xIA4A=="
				}
			}
		},
		"vscode-languageserver-protocol": {
			"version": "3.16.0",
			"resolved": "https://registry.npmjs.org/vscode-languageserver-protocol/-/vscode-languageserver-protocol-3.16.0.tgz",
			"integrity": "sha512-sdeUoAawceQdgIfTI+sdcwkiK2KU+2cbEYA0agzM2uqaUy2UpnnGHtWTHVEtS0ES4zHU0eMFRGN+oQgDxlD66A==",
			"requires": {
				"vscode-jsonrpc": "6.0.0",
				"vscode-languageserver-types": "3.16.0"
			}
		},
		"vscode-languageserver-types": {
			"version": "3.16.0",
			"resolved": "https://registry.npmjs.org/vscode-languageserver-types/-/vscode-languageserver-types-3.16.0.tgz",
			"integrity": "sha512-k8luDIWJWyenLc5ToFQQMaSrqCHiLwyKPHKPQZ5zz21vM+vIVUSvsRpcbiECH4WR88K2XZqc4ScRcZ7nk/jbeA=="
		},
		"which": {
			"version": "1.0.9",
			"resolved": "https://registry.npmjs.org/which/-/which-1.0.9.tgz",
			"integrity": "sha1-RgwdoPgQED0DIam2M6+eV15kSG8="
		},
		"winreg": {
			"version": "1.2.4",
			"resolved": "https://registry.npmjs.org/winreg/-/winreg-1.2.4.tgz",
			"integrity": "sha1-ugZWKbepJRMOFXeRCM9UCZDpjRs="
		}
	}
}
